PODS:
  - DLSFTPClient (1.0.5)
  - Ensembles (1.4.1):
    - Ensembles/Core (= 1.4.1)
  - Ensembles/Core (1.4.1)
  - FontAwesomeKit (2.1.8):
    - FontAwesomeKit/Core (= 2.1.8)
    - FontAwesomeKit/FontAwesome (= 2.1.8)
    - FontAwesomeKit/FoundationIcons (= 2.1.8)
    - FontAwesomeKit/IonIcons (= 2.1.8)
    - FontAwesomeKit/Zocial (= 2.1.8)
  - FontAwesomeKit/Core (2.1.8)
  - FontAwesomeKit/FontAwesome (2.1.8):
    - FontAwesomeKit/Core
  - FontAwesomeKit/FoundationIcons (2.1.8):
    - FontAwesomeKit/Core
  - FontAwesomeKit/IonIcons (2.1.8):
    - FontAwesomeKit/Core
  - FontAwesomeKit/Zocial (2.1.8):
    - FontAwesomeKit/Core
  - GCDWebServer (3.2.2):
    - GCDWebServer/Core (= 3.2.2)
  - GCDWebServer/Core (3.2.2)
  - GCDWebServer/WebUploader (3.2.2):
    - GCDWebServer/Core
  - NMSSH (2.2.0)
  - Reachability (3.2)
  - REFormattedNumberField (1.1.5)
  - RETableViewManager (1.5.14):
    - REFormattedNumberField (~> 1.1.5)
    - REValidation (~> 0.1.4)
  - REValidation (0.1.4)

DEPENDENCIES:
  - DLSFTPClient
  - Ensembles (~> 1.0)
  - FontAwesomeKit (~> 2.1.0)
  - GCDWebServer (~> 3.0)
  - GCDWebServer/WebUploader (~> 3.0)
  - NMSSH
  - Reachability
  - RETableViewManager

SPEC CHECKSUMS:
  DLSFTPClient: 83221f2149920cd10e2d956806833c9e561c4fff
  Ensembles: 90013c435ff874a7a9ccb7a334b74b93ac53dc12
  FontAwesomeKit: 64759fb28b5d2e74a1bd81553d7c11ca10e32179
  GCDWebServer: 5320220ad0d497da8e7beca1396f0c82d4f83730
  NMSSH: 9b9ab841e851a5a6304263ce02cc995fa211563c
  Reachability: 33e18b67625424e47b6cde6d202dce689ad7af96
  REFormattedNumberField: be3d55dd709f65541fb26b7e1709da07903147f8
  RETableViewManager: 317f43f31c0a5818c6257cb7544167819a8ae170
  REValidation: 38c4de1be58455f8b00aab208ac80db316a66b7f

COCOAPODS: 0.38.2
