// !$*UTF8*$!
{
	archiveVersion = 1;
	classes = {
	};
	objectVersion = 46;
	objects = {

/* Begin PBXBuildFile section */
		152FFB5F1A68739300F87169 /* NSObject+CoreData.m in Sources */ = {isa = PBXBuildFile; fileRef = 152FFB5E1A68739300F87169 /* NSObject+CoreData.m */; };
		152FFB6F1A68777900F87169 /* RITask.m in Sources */ = {isa = PBXBuildFile; fileRef = 152FFB6E1A68777900F87169 /* RITask.m */; };
		1563C4B11A7E8C8400BE65EB /* WBA in Resources */ = {isa = PBXBuildFile; fileRef = 1563C4B01A7E8C8400BE65EB /* WBA */; };
		1563C4B61A7E903D00BE65EB /* LaunchScreen.xib in Resources */ = {isa = PBXBuildFile; fileRef = 15BC73831A683A9300CD8DFA /* LaunchScreen.xib */; };
		156EC5D11A6887EE009BB672 /* Crashlytics.framework in Frameworks */ = {isa = PBXBuildFile; fileRef = 156EC5D01A6887EE009BB672 /* Crashlytics.framework */; };
		156EC5D51A688FA8009BB672 /* RIJobsViewController.m in Sources */ = {isa = PBXBuildFile; fileRef = 156EC5D41A688FA8009BB672 /* RIJobsViewController.m */; };
		156EC5DA1A691121009BB672 /* RITableViewCell.m in Sources */ = {isa = PBXBuildFile; fileRef = 156EC5D91A691121009BB672 /* RITableViewCell.m */; };
		156EC5DE1A6911A2009BB672 /* RITableViewController.m in Sources */ = {isa = PBXBuildFile; fileRef = 156EC5DD1A6911A2009BB672 /* RITableViewController.m */; };
		156EC5E21A691227009BB672 /* RIJobsController.m in Sources */ = {isa = PBXBuildFile; fileRef = 156EC5E11A691227009BB672 /* RIJobsController.m */; };
		156EC5E61A691252009BB672 /* RIJobsTableView.m in Sources */ = {isa = PBXBuildFile; fileRef = 156EC5E51A691252009BB672 /* RIJobsTableView.m */; };
		156EC5EB1A691B4A009BB672 /* RIConfig.m in Sources */ = {isa = PBXBuildFile; fileRef = 156EC5EA1A691B4A009BB672 /* RIConfig.m */; };
		156EC5F11A69253A009BB672 /* RICertificatesViewController.m in Sources */ = {isa = PBXBuildFile; fileRef = 156EC5F01A69253A009BB672 /* RICertificatesViewController.m */; };
		156EC5F51A6925BB009BB672 /* RICertificatesController.m in Sources */ = {isa = PBXBuildFile; fileRef = 156EC5F41A6925BB009BB672 /* RICertificatesController.m */; };
		156EC5F91A692875009BB672 /* RICertificatesTableView.m in Sources */ = {isa = PBXBuildFile; fileRef = 156EC5F81A692875009BB672 /* RICertificatesTableView.m */; };
		156EC6021A693A2B009BB672 /* RIEditJobViewController.m in Sources */ = {isa = PBXBuildFile; fileRef = 156EC6011A693A2B009BB672 /* RIEditJobViewController.m */; };
		156EC6061A694002009BB672 /* RITasksViewController.m in Sources */ = {isa = PBXBuildFile; fileRef = 156EC6051A694002009BB672 /* RITasksViewController.m */; };
		156EC60A1A694065009BB672 /* RITasksController.m in Sources */ = {isa = PBXBuildFile; fileRef = 156EC6091A694065009BB672 /* RITasksController.m */; };
		156EC60E1A694182009BB672 /* RITasksTableView.m in Sources */ = {isa = PBXBuildFile; fileRef = 156EC60D1A694182009BB672 /* RITasksTableView.m */; };
		156EC6121A694325009BB672 /* RIEditTaskViewController.m in Sources */ = {isa = PBXBuildFile; fileRef = 156EC6111A694325009BB672 /* RIEditTaskViewController.m */; };
		156EC6161A6948D7009BB672 /* RIRunJob.m in Sources */ = {isa = PBXBuildFile; fileRef = 156EC6151A6948D7009BB672 /* RIRunJob.m */; };
		156EC61A1A69615E009BB672 /* RIConsoleViewController.m in Sources */ = {isa = PBXBuildFile; fileRef = 156EC6191A69615E009BB672 /* RIConsoleViewController.m */; };
		156EC61E1A696BC3009BB672 /* RIUploaderViewController.m in Sources */ = {isa = PBXBuildFile; fileRef = 156EC61D1A696BC3009BB672 /* RIUploaderViewController.m */; };
		156EC62A1A6AA71F009BB672 /* RIAccount.m in Sources */ = {isa = PBXBuildFile; fileRef = 156EC6251A6AA71F009BB672 /* RIAccount.m */; };
		156EC62B1A6AA71F009BB672 /* RICertificate.m in Sources */ = {isa = PBXBuildFile; fileRef = 156EC6271A6AA71F009BB672 /* RICertificate.m */; };
		156EC62C1A6AA71F009BB672 /* RIJob.m in Sources */ = {isa = PBXBuildFile; fileRef = 156EC6291A6AA71F009BB672 /* RIJob.m */; };
		156EC6301A6AA774009BB672 /* uploader-done.html in Resources */ = {isa = PBXBuildFile; fileRef = 156EC62E1A6AA774009BB672 /* uploader-done.html */; };
		156EC6311A6AA774009BB672 /* uploader-upload.html in Resources */ = {isa = PBXBuildFile; fileRef = 156EC62F1A6AA774009BB672 /* uploader-upload.html */; };
		156EC6351A6AC0D8009BB672 /* RIEditCertificateViewController.m in Sources */ = {isa = PBXBuildFile; fileRef = 156EC6341A6AC0D8009BB672 /* RIEditCertificateViewController.m */; };
		156EC6381A6BF6CC009BB672 /* RISelectCertificateViewController.m in Sources */ = {isa = PBXBuildFile; fileRef = 156EC6371A6BF6CC009BB672 /* RISelectCertificateViewController.m */; };
		156EC63E1A6BF767009BB672 /* RIManageCertificatesController.m in Sources */ = {isa = PBXBuildFile; fileRef = 156EC63D1A6BF767009BB672 /* RIManageCertificatesController.m */; };
		156EC6411A6C28AC009BB672 /* RIHistory.m in Sources */ = {isa = PBXBuildFile; fileRef = 156EC6401A6C28AC009BB672 /* RIHistory.m */; };
		156EC6451A6C3786009BB672 /* commands.txt in Resources */ = {isa = PBXBuildFile; fileRef = 156EC6441A6C3786009BB672 /* commands.txt */; };
		156EC6491A6C3867009BB672 /* RILinuxCommandsViewController.m in Sources */ = {isa = PBXBuildFile; fileRef = 156EC6481A6C3867009BB672 /* RILinuxCommandsViewController.m */; };
		156EC64D1A6C38C2009BB672 /* RICommandsController.m in Sources */ = {isa = PBXBuildFile; fileRef = 156EC64C1A6C38C2009BB672 /* RICommandsController.m */; };
		156EC6501A6C5015009BB672 /* RIHistoryViewController.m in Sources */ = {isa = PBXBuildFile; fileRef = 156EC64F1A6C5015009BB672 /* RIHistoryViewController.m */; };
		156EC6541A6C5051009BB672 /* RIHistoryController.m in Sources */ = {isa = PBXBuildFile; fileRef = 156EC6531A6C5051009BB672 /* RIHistoryController.m */; };
		156EC6671A6DBD4B009BB672 /* Assets.xcassets in Resources */ = {isa = PBXBuildFile; fileRef = 156EC6661A6DBD4B009BB672 /* Assets.xcassets */; };
		156EC6691A6E65FB009BB672 /* uploader-error.html in Resources */ = {isa = PBXBuildFile; fileRef = 156EC6681A6E65FB009BB672 /* uploader-error.html */; };
		156EC6741A6E8DBF009BB672 /* RICollectionView.m in Sources */ = {isa = PBXBuildFile; fileRef = 156EC6731A6E8DBF009BB672 /* RICollectionView.m */; };
		156EC6771A6E8E53009BB672 /* RIIconsController.m in Sources */ = {isa = PBXBuildFile; fileRef = 156EC6761A6E8E53009BB672 /* RIIconsController.m */; };
		156EC67B1A6E90BA009BB672 /* RIIconCollectionViewCell.m in Sources */ = {isa = PBXBuildFile; fileRef = 156EC67A1A6E90BA009BB672 /* RIIconCollectionViewCell.m */; };
		156EC67F1A6EBF50009BB672 /* RIBrowserViewController.m in Sources */ = {isa = PBXBuildFile; fileRef = 156EC67E1A6EBF50009BB672 /* RIBrowserViewController.m */; };
		156EC6831A6EBFFE009BB672 /* RIBrowserController.m in Sources */ = {isa = PBXBuildFile; fileRef = 156EC6821A6EBFFE009BB672 /* RIBrowserController.m */; };
		156EC6871A6FA903009BB672 /* RIBrowserTableViewCell.m in Sources */ = {isa = PBXBuildFile; fileRef = 156EC6861A6FA903009BB672 /* RIBrowserTableViewCell.m */; };
		156EC68B1A6FBD7C009BB672 /* RIPathLabel.m in Sources */ = {isa = PBXBuildFile; fileRef = 156EC68A1A6FBD7C009BB672 /* RIPathLabel.m */; };
		15BC73741A683A9300CD8DFA /* main.m in Sources */ = {isa = PBXBuildFile; fileRef = 15BC73731A683A9300CD8DFA /* main.m */; };
		15BC73771A683A9300CD8DFA /* RIAppDelegate.m in Sources */ = {isa = PBXBuildFile; fileRef = 15BC73761A683A9300CD8DFA /* RIAppDelegate.m */; };
		15BC737A1A683A9300CD8DFA /* SSHAutomator.xcdatamodeld in Sources */ = {isa = PBXBuildFile; fileRef = 15BC73781A683A9300CD8DFA /* SSHAutomator.xcdatamodeld */; };
		15BC737D1A683A9300CD8DFA /* RIViewController.m in Sources */ = {isa = PBXBuildFile; fileRef = 15BC737C1A683A9300CD8DFA /* RIViewController.m */; };
		15BC73821A683A9300CD8DFA /* Images.xcassets in Resources */ = {isa = PBXBuildFile; fileRef = 15BC73811A683A9300CD8DFA /* Images.xcassets */; };
		15BC739F1A683B7D00CD8DFA /* RIAccountsViewController.m in Sources */ = {isa = PBXBuildFile; fileRef = 15BC739E1A683B7D00CD8DFA /* RIAccountsViewController.m */; };
		15BC73A51A683BE400CD8DFA /* RIAccountsController.m in Sources */ = {isa = PBXBuildFile; fileRef = 15BC73A41A683BE400CD8DFA /* RIAccountsController.m */; };
		15BC73AA1A683F2200CD8DFA /* RITableView.m in Sources */ = {isa = PBXBuildFile; fileRef = 15BC73A91A683F2200CD8DFA /* RITableView.m */; };
		15BC73AD1A683F3C00CD8DFA /* RIAccountsTableView.m in Sources */ = {isa = PBXBuildFile; fileRef = 15BC73AC1A683F3C00CD8DFA /* RIAccountsTableView.m */; };
		15BC73B41A68563900CD8DFA /* RICoreData.m in Sources */ = {isa = PBXBuildFile; fileRef = 15BC73B31A68563900CD8DFA /* RICoreData.m */; };
		15BC73B81A6858A900CD8DFA /* RIEditAccountViewController.m in Sources */ = {isa = PBXBuildFile; fileRef = 15BC73B71A6858A900CD8DFA /* RIEditAccountViewController.m */; };
		15BC73BC1A685C1300CD8DFA /* RIIconsViewController.m in Sources */ = {isa = PBXBuildFile; fileRef = 15BC73BB1A685C1300CD8DFA /* RIIconsViewController.m */; };
		15C44F401A853C0700164368 /* WBA2.framework in Frameworks */ = {isa = PBXBuildFile; fileRef = 15C44F3F1A853C0700164368 /* WBA2.framework */; };
		BE49F21051B6B82FDCB1DAF9 /* libPods.a in Frameworks */ = {isa = PBXBuildFile; fileRef = D9FEF6B7B0105015289E10E7 /* libPods.a */; };
/* End PBXBuildFile section */

/* Begin PBXCopyFilesBuildPhase section */
		1563C4B41A7E8F3000BE65EB /* Embed Frameworks */ = {
			isa = PBXCopyFilesBuildPhase;
			buildActionMask = 2147483647;
			dstPath = "";
			dstSubfolderSpec = 10;
			files = (
			);
			name = "Embed Frameworks";
			runOnlyForDeploymentPostprocessing = 0;
		};
/* End PBXCopyFilesBuildPhase section */

/* Begin PBXFileReference section */
		152FFB5D1A68739300F87169 /* NSObject+CoreData.h */ = {isa = PBXFileReference; fileEncoding = 4; lastKnownFileType = sourcecode.c.h; path = "NSObject+CoreData.h"; sourceTree = "<group>"; };
		152FFB5E1A68739300F87169 /* NSObject+CoreData.m */ = {isa = PBXFileReference; fileEncoding = 4; lastKnownFileType = sourcecode.c.objc; path = "NSObject+CoreData.m"; sourceTree = "<group>"; };
		152FFB6D1A68777900F87169 /* RITask.h */ = {isa = PBXFileReference; fileEncoding = 4; lastKnownFileType = sourcecode.c.h; path = RITask.h; sourceTree = "<group>"; };
		152FFB6E1A68777900F87169 /* RITask.m */ = {isa = PBXFileReference; fileEncoding = 4; lastKnownFileType = sourcecode.c.objc; path = RITask.m; sourceTree = "<group>"; };
		1563C4B01A7E8C8400BE65EB /* WBA */ = {isa = PBXFileReference; lastKnownFileType = folder; path = WBA; sourceTree = SOURCE_ROOT; };
		156EC5D01A6887EE009BB672 /* Crashlytics.framework */ = {isa = PBXFileReference; lastKnownFileType = wrapper.framework; path = Crashlytics.framework; sourceTree = "<group>"; };
		156EC5D31A688FA8009BB672 /* RIJobsViewController.h */ = {isa = PBXFileReference; fileEncoding = 4; lastKnownFileType = sourcecode.c.h; path = RIJobsViewController.h; sourceTree = "<group>"; };
		156EC5D41A688FA8009BB672 /* RIJobsViewController.m */ = {isa = PBXFileReference; fileEncoding = 4; lastKnownFileType = sourcecode.c.objc; path = RIJobsViewController.m; sourceTree = "<group>"; };
		156EC5D81A691121009BB672 /* RITableViewCell.h */ = {isa = PBXFileReference; fileEncoding = 4; lastKnownFileType = sourcecode.c.h; path = RITableViewCell.h; sourceTree = "<group>"; };
		156EC5D91A691121009BB672 /* RITableViewCell.m */ = {isa = PBXFileReference; fileEncoding = 4; lastKnownFileType = sourcecode.c.objc; path = RITableViewCell.m; sourceTree = "<group>"; };
		156EC5DC1A6911A2009BB672 /* RITableViewController.h */ = {isa = PBXFileReference; fileEncoding = 4; lastKnownFileType = sourcecode.c.h; path = RITableViewController.h; sourceTree = "<group>"; };
		156EC5DD1A6911A2009BB672 /* RITableViewController.m */ = {isa = PBXFileReference; fileEncoding = 4; lastKnownFileType = sourcecode.c.objc; path = RITableViewController.m; sourceTree = "<group>"; };
		156EC5E01A691227009BB672 /* RIJobsController.h */ = {isa = PBXFileReference; fileEncoding = 4; lastKnownFileType = sourcecode.c.h; path = RIJobsController.h; sourceTree = "<group>"; };
		156EC5E11A691227009BB672 /* RIJobsController.m */ = {isa = PBXFileReference; fileEncoding = 4; lastKnownFileType = sourcecode.c.objc; path = RIJobsController.m; sourceTree = "<group>"; };
		156EC5E41A691252009BB672 /* RIJobsTableView.h */ = {isa = PBXFileReference; fileEncoding = 4; lastKnownFileType = sourcecode.c.h; path = RIJobsTableView.h; sourceTree = "<group>"; };
		156EC5E51A691252009BB672 /* RIJobsTableView.m */ = {isa = PBXFileReference; fileEncoding = 4; lastKnownFileType = sourcecode.c.objc; path = RIJobsTableView.m; sourceTree = "<group>"; };
		156EC5E91A691B4A009BB672 /* RIConfig.h */ = {isa = PBXFileReference; fileEncoding = 4; lastKnownFileType = sourcecode.c.h; path = RIConfig.h; sourceTree = "<group>"; };
		156EC5EA1A691B4A009BB672 /* RIConfig.m */ = {isa = PBXFileReference; fileEncoding = 4; lastKnownFileType = sourcecode.c.objc; path = RIConfig.m; sourceTree = "<group>"; };
		156EC5EF1A69253A009BB672 /* RICertificatesViewController.h */ = {isa = PBXFileReference; fileEncoding = 4; lastKnownFileType = sourcecode.c.h; path = RICertificatesViewController.h; sourceTree = "<group>"; };
		156EC5F01A69253A009BB672 /* RICertificatesViewController.m */ = {isa = PBXFileReference; fileEncoding = 4; lastKnownFileType = sourcecode.c.objc; path = RICertificatesViewController.m; sourceTree = "<group>"; };
		156EC5F31A6925BB009BB672 /* RICertificatesController.h */ = {isa = PBXFileReference; fileEncoding = 4; lastKnownFileType = sourcecode.c.h; path = RICertificatesController.h; sourceTree = "<group>"; };
		156EC5F41A6925BB009BB672 /* RICertificatesController.m */ = {isa = PBXFileReference; fileEncoding = 4; lastKnownFileType = sourcecode.c.objc; path = RICertificatesController.m; sourceTree = "<group>"; };
		156EC5F71A692875009BB672 /* RICertificatesTableView.h */ = {isa = PBXFileReference; fileEncoding = 4; lastKnownFileType = sourcecode.c.h; path = RICertificatesTableView.h; sourceTree = "<group>"; };
		156EC5F81A692875009BB672 /* RICertificatesTableView.m */ = {isa = PBXFileReference; fileEncoding = 4; lastKnownFileType = sourcecode.c.objc; path = RICertificatesTableView.m; sourceTree = "<group>"; };
		156EC6001A693A2B009BB672 /* RIEditJobViewController.h */ = {isa = PBXFileReference; fileEncoding = 4; lastKnownFileType = sourcecode.c.h; path = RIEditJobViewController.h; sourceTree = "<group>"; };
		156EC6011A693A2B009BB672 /* RIEditJobViewController.m */ = {isa = PBXFileReference; fileEncoding = 4; lastKnownFileType = sourcecode.c.objc; path = RIEditJobViewController.m; sourceTree = "<group>"; };
		156EC6041A694002009BB672 /* RITasksViewController.h */ = {isa = PBXFileReference; fileEncoding = 4; lastKnownFileType = sourcecode.c.h; path = RITasksViewController.h; sourceTree = "<group>"; };
		156EC6051A694002009BB672 /* RITasksViewController.m */ = {isa = PBXFileReference; fileEncoding = 4; lastKnownFileType = sourcecode.c.objc; path = RITasksViewController.m; sourceTree = "<group>"; };
		156EC6081A694065009BB672 /* RITasksController.h */ = {isa = PBXFileReference; fileEncoding = 4; lastKnownFileType = sourcecode.c.h; path = RITasksController.h; sourceTree = "<group>"; };
		156EC6091A694065009BB672 /* RITasksController.m */ = {isa = PBXFileReference; fileEncoding = 4; lastKnownFileType = sourcecode.c.objc; path = RITasksController.m; sourceTree = "<group>"; };
		156EC60C1A694182009BB672 /* RITasksTableView.h */ = {isa = PBXFileReference; fileEncoding = 4; lastKnownFileType = sourcecode.c.h; path = RITasksTableView.h; sourceTree = "<group>"; };
		156EC60D1A694182009BB672 /* RITasksTableView.m */ = {isa = PBXFileReference; fileEncoding = 4; lastKnownFileType = sourcecode.c.objc; path = RITasksTableView.m; sourceTree = "<group>"; };
		156EC6101A694325009BB672 /* RIEditTaskViewController.h */ = {isa = PBXFileReference; fileEncoding = 4; lastKnownFileType = sourcecode.c.h; path = RIEditTaskViewController.h; sourceTree = "<group>"; };
		156EC6111A694325009BB672 /* RIEditTaskViewController.m */ = {isa = PBXFileReference; fileEncoding = 4; lastKnownFileType = sourcecode.c.objc; path = RIEditTaskViewController.m; sourceTree = "<group>"; };
		156EC6141A6948D7009BB672 /* RIRunJob.h */ = {isa = PBXFileReference; fileEncoding = 4; lastKnownFileType = sourcecode.c.h; path = RIRunJob.h; sourceTree = "<group>"; };
		156EC6151A6948D7009BB672 /* RIRunJob.m */ = {isa = PBXFileReference; fileEncoding = 4; lastKnownFileType = sourcecode.c.objc; path = RIRunJob.m; sourceTree = "<group>"; };
		156EC6181A69615E009BB672 /* RIConsoleViewController.h */ = {isa = PBXFileReference; fileEncoding = 4; lastKnownFileType = sourcecode.c.h; path = RIConsoleViewController.h; sourceTree = "<group>"; };
		156EC6191A69615E009BB672 /* RIConsoleViewController.m */ = {isa = PBXFileReference; fileEncoding = 4; lastKnownFileType = sourcecode.c.objc; path = RIConsoleViewController.m; sourceTree = "<group>"; };
		156EC61C1A696BC3009BB672 /* RIUploaderViewController.h */ = {isa = PBXFileReference; fileEncoding = 4; lastKnownFileType = sourcecode.c.h; path = RIUploaderViewController.h; sourceTree = "<group>"; };
		156EC61D1A696BC3009BB672 /* RIUploaderViewController.m */ = {isa = PBXFileReference; fileEncoding = 4; lastKnownFileType = sourcecode.c.objc; path = RIUploaderViewController.m; sourceTree = "<group>"; };
		156EC6241A6AA71F009BB672 /* RIAccount.h */ = {isa = PBXFileReference; fileEncoding = 4; lastKnownFileType = sourcecode.c.h; path = RIAccount.h; sourceTree = "<group>"; };
		156EC6251A6AA71F009BB672 /* RIAccount.m */ = {isa = PBXFileReference; fileEncoding = 4; lastKnownFileType = sourcecode.c.objc; path = RIAccount.m; sourceTree = "<group>"; };
		156EC6261A6AA71F009BB672 /* RICertificate.h */ = {isa = PBXFileReference; fileEncoding = 4; lastKnownFileType = sourcecode.c.h; path = RICertificate.h; sourceTree = "<group>"; };
		156EC6271A6AA71F009BB672 /* RICertificate.m */ = {isa = PBXFileReference; fileEncoding = 4; lastKnownFileType = sourcecode.c.objc; path = RICertificate.m; sourceTree = "<group>"; };
		156EC6281A6AA71F009BB672 /* RIJob.h */ = {isa = PBXFileReference; fileEncoding = 4; lastKnownFileType = sourcecode.c.h; path = RIJob.h; sourceTree = "<group>"; };
		156EC6291A6AA71F009BB672 /* RIJob.m */ = {isa = PBXFileReference; fileEncoding = 4; lastKnownFileType = sourcecode.c.objc; path = RIJob.m; sourceTree = "<group>"; };
		156EC62E1A6AA774009BB672 /* uploader-done.html */ = {isa = PBXFileReference; fileEncoding = 4; lastKnownFileType = text.html; path = "uploader-done.html"; sourceTree = "<group>"; };
		156EC62F1A6AA774009BB672 /* uploader-upload.html */ = {isa = PBXFileReference; fileEncoding = 4; lastKnownFileType = text.html; path = "uploader-upload.html"; sourceTree = "<group>"; };
		156EC6331A6AC0D8009BB672 /* RIEditCertificateViewController.h */ = {isa = PBXFileReference; fileEncoding = 4; lastKnownFileType = sourcecode.c.h; path = RIEditCertificateViewController.h; sourceTree = "<group>"; };
		156EC6341A6AC0D8009BB672 /* RIEditCertificateViewController.m */ = {isa = PBXFileReference; fileEncoding = 4; lastKnownFileType = sourcecode.c.objc; path = RIEditCertificateViewController.m; sourceTree = "<group>"; };
		156EC6361A6BF6CC009BB672 /* RISelectCertificateViewController.h */ = {isa = PBXFileReference; fileEncoding = 4; lastKnownFileType = sourcecode.c.h; path = RISelectCertificateViewController.h; sourceTree = "<group>"; };
		156EC6371A6BF6CC009BB672 /* RISelectCertificateViewController.m */ = {isa = PBXFileReference; fileEncoding = 4; lastKnownFileType = sourcecode.c.objc; path = RISelectCertificateViewController.m; sourceTree = "<group>"; };
		156EC63C1A6BF767009BB672 /* RIManageCertificatesController.h */ = {isa = PBXFileReference; fileEncoding = 4; lastKnownFileType = sourcecode.c.h; path = RIManageCertificatesController.h; sourceTree = "<group>"; };
		156EC63D1A6BF767009BB672 /* RIManageCertificatesController.m */ = {isa = PBXFileReference; fileEncoding = 4; lastKnownFileType = sourcecode.c.objc; path = RIManageCertificatesController.m; sourceTree = "<group>"; };
		156EC63F1A6C28AC009BB672 /* RIHistory.h */ = {isa = PBXFileReference; fileEncoding = 4; lastKnownFileType = sourcecode.c.h; path = RIHistory.h; sourceTree = "<group>"; };
		156EC6401A6C28AC009BB672 /* RIHistory.m */ = {isa = PBXFileReference; fileEncoding = 4; lastKnownFileType = sourcecode.c.objc; path = RIHistory.m; sourceTree = "<group>"; };
		156EC6441A6C3786009BB672 /* commands.txt */ = {isa = PBXFileReference; fileEncoding = 4; lastKnownFileType = text; path = commands.txt; sourceTree = "<group>"; };
		156EC6471A6C3867009BB672 /* RILinuxCommandsViewController.h */ = {isa = PBXFileReference; fileEncoding = 4; lastKnownFileType = sourcecode.c.h; path = RILinuxCommandsViewController.h; sourceTree = "<group>"; };
		156EC6481A6C3867009BB672 /* RILinuxCommandsViewController.m */ = {isa = PBXFileReference; fileEncoding = 4; lastKnownFileType = sourcecode.c.objc; path = RILinuxCommandsViewController.m; sourceTree = "<group>"; };
		156EC64B1A6C38C2009BB672 /* RICommandsController.h */ = {isa = PBXFileReference; fileEncoding = 4; lastKnownFileType = sourcecode.c.h; path = RICommandsController.h; sourceTree = "<group>"; };
		156EC64C1A6C38C2009BB672 /* RICommandsController.m */ = {isa = PBXFileReference; fileEncoding = 4; lastKnownFileType = sourcecode.c.objc; path = RICommandsController.m; sourceTree = "<group>"; };
		156EC64E1A6C5015009BB672 /* RIHistoryViewController.h */ = {isa = PBXFileReference; fileEncoding = 4; lastKnownFileType = sourcecode.c.h; path = RIHistoryViewController.h; sourceTree = "<group>"; };
		156EC64F1A6C5015009BB672 /* RIHistoryViewController.m */ = {isa = PBXFileReference; fileEncoding = 4; lastKnownFileType = sourcecode.c.objc; path = RIHistoryViewController.m; sourceTree = "<group>"; };
		156EC6521A6C5051009BB672 /* RIHistoryController.h */ = {isa = PBXFileReference; fileEncoding = 4; lastKnownFileType = sourcecode.c.h; path = RIHistoryController.h; sourceTree = "<group>"; };
		156EC6531A6C5051009BB672 /* RIHistoryController.m */ = {isa = PBXFileReference; fileEncoding = 4; lastKnownFileType = sourcecode.c.objc; path = RIHistoryController.m; sourceTree = "<group>"; };
		156EC6661A6DBD4B009BB672 /* Assets.xcassets */ = {isa = PBXFileReference; lastKnownFileType = folder.assetcatalog; path = Assets.xcassets; sourceTree = "<group>"; };
		156EC6681A6E65FB009BB672 /* uploader-error.html */ = {isa = PBXFileReference; fileEncoding = 4; lastKnownFileType = text.html; path = "uploader-error.html"; sourceTree = "<group>"; };
		156EC6721A6E8DBF009BB672 /* RICollectionView.h */ = {isa = PBXFileReference; fileEncoding = 4; lastKnownFileType = sourcecode.c.h; path = RICollectionView.h; sourceTree = "<group>"; };
		156EC6731A6E8DBF009BB672 /* RICollectionView.m */ = {isa = PBXFileReference; fileEncoding = 4; lastKnownFileType = sourcecode.c.objc; path = RICollectionView.m; sourceTree = "<group>"; };
		156EC6751A6E8E53009BB672 /* RIIconsController.h */ = {isa = PBXFileReference; fileEncoding = 4; lastKnownFileType = sourcecode.c.h; path = RIIconsController.h; sourceTree = "<group>"; };
		156EC6761A6E8E53009BB672 /* RIIconsController.m */ = {isa = PBXFileReference; fileEncoding = 4; lastKnownFileType = sourcecode.c.objc; path = RIIconsController.m; sourceTree = "<group>"; };
		156EC6791A6E90BA009BB672 /* RIIconCollectionViewCell.h */ = {isa = PBXFileReference; fileEncoding = 4; lastKnownFileType = sourcecode.c.h; path = RIIconCollectionViewCell.h; sourceTree = "<group>"; };
		156EC67A1A6E90BA009BB672 /* RIIconCollectionViewCell.m */ = {isa = PBXFileReference; fileEncoding = 4; lastKnownFileType = sourcecode.c.objc; path = RIIconCollectionViewCell.m; sourceTree = "<group>"; };
		156EC67D1A6EBF50009BB672 /* RIBrowserViewController.h */ = {isa = PBXFileReference; fileEncoding = 4; lastKnownFileType = sourcecode.c.h; path = RIBrowserViewController.h; sourceTree = "<group>"; };
		156EC67E1A6EBF50009BB672 /* RIBrowserViewController.m */ = {isa = PBXFileReference; fileEncoding = 4; lastKnownFileType = sourcecode.c.objc; path = RIBrowserViewController.m; sourceTree = "<group>"; };
		156EC6811A6EBFFE009BB672 /* RIBrowserController.h */ = {isa = PBXFileReference; fileEncoding = 4; lastKnownFileType = sourcecode.c.h; path = RIBrowserController.h; sourceTree = "<group>"; };
		156EC6821A6EBFFE009BB672 /* RIBrowserController.m */ = {isa = PBXFileReference; fileEncoding = 4; lastKnownFileType = sourcecode.c.objc; path = RIBrowserController.m; sourceTree = "<group>"; };
		156EC6851A6FA903009BB672 /* RIBrowserTableViewCell.h */ = {isa = PBXFileReference; fileEncoding = 4; lastKnownFileType = sourcecode.c.h; path = RIBrowserTableViewCell.h; sourceTree = "<group>"; };
		156EC6861A6FA903009BB672 /* RIBrowserTableViewCell.m */ = {isa = PBXFileReference; fileEncoding = 4; lastKnownFileType = sourcecode.c.objc; path = RIBrowserTableViewCell.m; sourceTree = "<group>"; };
		156EC6891A6FBD7C009BB672 /* RIPathLabel.h */ = {isa = PBXFileReference; fileEncoding = 4; lastKnownFileType = sourcecode.c.h; path = RIPathLabel.h; sourceTree = "<group>"; };
		156EC68A1A6FBD7C009BB672 /* RIPathLabel.m */ = {isa = PBXFileReference; fileEncoding = 4; lastKnownFileType = sourcecode.c.objc; path = RIPathLabel.m; sourceTree = "<group>"; };
		15BC736E1A683A9300CD8DFA /* SSHAutomator.app */ = {isa = PBXFileReference; explicitFileType = wrapper.application; includeInIndex = 0; path = SSHAutomator.app; sourceTree = BUILT_PRODUCTS_DIR; };
		15BC73721A683A9300CD8DFA /* Info.plist */ = {isa = PBXFileReference; lastKnownFileType = text.plist.xml; path = Info.plist; sourceTree = "<group>"; };
		15BC73731A683A9300CD8DFA /* main.m */ = {isa = PBXFileReference; lastKnownFileType = sourcecode.c.objc; path = main.m; sourceTree = "<group>"; };
		15BC73751A683A9300CD8DFA /* RIAppDelegate.h */ = {isa = PBXFileReference; lastKnownFileType = sourcecode.c.h; path = RIAppDelegate.h; sourceTree = "<group>"; };
		15BC73761A683A9300CD8DFA /* RIAppDelegate.m */ = {isa = PBXFileReference; lastKnownFileType = sourcecode.c.objc; path = RIAppDelegate.m; sourceTree = "<group>"; };
		15BC73791A683A9300CD8DFA /* SSHAutomator.xcdatamodel */ = {isa = PBXFileReference; lastKnownFileType = wrapper.xcdatamodel; path = SSHAutomator.xcdatamodel; sourceTree = "<group>"; };
		15BC737B1A683A9300CD8DFA /* RIViewController.h */ = {isa = PBXFileReference; lastKnownFileType = sourcecode.c.h; path = RIViewController.h; sourceTree = "<group>"; };
		15BC737C1A683A9300CD8DFA /* RIViewController.m */ = {isa = PBXFileReference; lastKnownFileType = sourcecode.c.objc; path = RIViewController.m; sourceTree = "<group>"; };
		15BC73811A683A9300CD8DFA /* Images.xcassets */ = {isa = PBXFileReference; lastKnownFileType = folder.assetcatalog; path = Images.xcassets; sourceTree = "<group>"; };
		15BC73841A683A9300CD8DFA /* Base */ = {isa = PBXFileReference; lastKnownFileType = file.xib; name = Base; path = Base.lproj/LaunchScreen.xib; sourceTree = "<group>"; };
		15BC738F1A683A9300CD8DFA /* Info.plist */ = {isa = PBXFileReference; lastKnownFileType = text.plist.xml; path = Info.plist; sourceTree = "<group>"; };
		15BC73901A683A9300CD8DFA /* SSHAutomatorTests.m */ = {isa = PBXFileReference; lastKnownFileType = sourcecode.c.objc; path = SSHAutomatorTests.m; sourceTree = "<group>"; };
		15BC739D1A683B7D00CD8DFA /* RIAccountsViewController.h */ = {isa = PBXFileReference; fileEncoding = 4; lastKnownFileType = sourcecode.c.h; path = RIAccountsViewController.h; sourceTree = "<group>"; };
		15BC739E1A683B7D00CD8DFA /* RIAccountsViewController.m */ = {isa = PBXFileReference; fileEncoding = 4; lastKnownFileType = sourcecode.c.objc; path = RIAccountsViewController.m; sourceTree = "<group>"; };
		15BC73A31A683BE400CD8DFA /* RIAccountsController.h */ = {isa = PBXFileReference; fileEncoding = 4; lastKnownFileType = sourcecode.c.h; path = RIAccountsController.h; sourceTree = "<group>"; };
		15BC73A41A683BE400CD8DFA /* RIAccountsController.m */ = {isa = PBXFileReference; fileEncoding = 4; lastKnownFileType = sourcecode.c.objc; path = RIAccountsController.m; sourceTree = "<group>"; };
		15BC73A81A683F2200CD8DFA /* RITableView.h */ = {isa = PBXFileReference; fileEncoding = 4; lastKnownFileType = sourcecode.c.h; path = RITableView.h; sourceTree = "<group>"; };
		15BC73A91A683F2200CD8DFA /* RITableView.m */ = {isa = PBXFileReference; fileEncoding = 4; lastKnownFileType = sourcecode.c.objc; path = RITableView.m; sourceTree = "<group>"; };
		15BC73AB1A683F3C00CD8DFA /* RIAccountsTableView.h */ = {isa = PBXFileReference; fileEncoding = 4; lastKnownFileType = sourcecode.c.h; path = RIAccountsTableView.h; sourceTree = "<group>"; };
		15BC73AC1A683F3C00CD8DFA /* RIAccountsTableView.m */ = {isa = PBXFileReference; fileEncoding = 4; lastKnownFileType = sourcecode.c.objc; path = RIAccountsTableView.m; sourceTree = "<group>"; };
		15BC73B21A68563900CD8DFA /* RICoreData.h */ = {isa = PBXFileReference; fileEncoding = 4; lastKnownFileType = sourcecode.c.h; path = RICoreData.h; sourceTree = "<group>"; };
		15BC73B31A68563900CD8DFA /* RICoreData.m */ = {isa = PBXFileReference; fileEncoding = 4; lastKnownFileType = sourcecode.c.objc; path = RICoreData.m; sourceTree = "<group>"; };
		15BC73B61A6858A900CD8DFA /* RIEditAccountViewController.h */ = {isa = PBXFileReference; fileEncoding = 4; lastKnownFileType = sourcecode.c.h; path = RIEditAccountViewController.h; sourceTree = "<group>"; };
		15BC73B71A6858A900CD8DFA /* RIEditAccountViewController.m */ = {isa = PBXFileReference; fileEncoding = 4; lastKnownFileType = sourcecode.c.objc; path = RIEditAccountViewController.m; sourceTree = "<group>"; };
		15BC73BA1A685C1300CD8DFA /* RIIconsViewController.h */ = {isa = PBXFileReference; fileEncoding = 4; lastKnownFileType = sourcecode.c.h; path = RIIconsViewController.h; sourceTree = "<group>"; };
		15BC73BB1A685C1300CD8DFA /* RIIconsViewController.m */ = {isa = PBXFileReference; fileEncoding = 4; lastKnownFileType = sourcecode.c.objc; path = RIIconsViewController.m; sourceTree = "<group>"; };
		15C44F3F1A853C0700164368 /* WBA2.framework */ = {isa = PBXFileReference; lastKnownFileType = wrapper.framework; path = WBA2.framework; sourceTree = "<group>"; };
		62E63B1EA2623C898D3F6D7B /* Pods.release.xcconfig */ = {isa = PBXFileReference; includeInIndex = 1; lastKnownFileType = text.xcconfig; name = Pods.release.xcconfig; path = "Pods/Target Support Files/Pods/Pods.release.xcconfig"; sourceTree = "<group>"; };
		D9FEF6B7B0105015289E10E7 /* libPods.a */ = {isa = PBXFileReference; explicitFileType = archive.ar; includeInIndex = 0; path = libPods.a; sourceTree = BUILT_PRODUCTS_DIR; };
		DF2DA2B31CCC993EFA094AF9 /* Pods.debug.xcconfig */ = {isa = PBXFileReference; includeInIndex = 1; lastKnownFileType = text.xcconfig; name = Pods.debug.xcconfig; path = "Pods/Target Support Files/Pods/Pods.debug.xcconfig"; sourceTree = "<group>"; };
/* End PBXFileReference section */

/* Begin PBXFrameworksBuildPhase section */
		15BC736B1A683A9300CD8DFA /* Frameworks */ = {
			isa = PBXFrameworksBuildPhase;
			buildActionMask = 2147483647;
			files = (
				15C44F401A853C0700164368 /* WBA2.framework in Frameworks */,
				156EC5D11A6887EE009BB672 /* Crashlytics.framework in Frameworks */,
				BE49F21051B6B82FDCB1DAF9 /* libPods.a in Frameworks */,
			);
			runOnlyForDeploymentPostprocessing = 0;
		};
/* End PBXFrameworksBuildPhase section */

/* Begin PBXGroup section */
		152FFB5C1A68736B00F87169 /* Categories */ = {
			isa = PBXGroup;
			children = (
				152FFB5D1A68739300F87169 /* NSObject+CoreData.h */,
				152FFB5E1A68739300F87169 /* NSObject+CoreData.m */,
			);
			name = Categories;
			sourceTree = "<group>";
		};
		152FFB601A68773F00F87169 /* Model */ = {
			isa = PBXGroup;
			children = (
				156EC6241A6AA71F009BB672 /* RIAccount.h */,
				156EC6251A6AA71F009BB672 /* RIAccount.m */,
				156EC6261A6AA71F009BB672 /* RICertificate.h */,
				156EC6271A6AA71F009BB672 /* RICertificate.m */,
				156EC6281A6AA71F009BB672 /* RIJob.h */,
				156EC6291A6AA71F009BB672 /* RIJob.m */,
				152FFB6D1A68777900F87169 /* RITask.h */,
				152FFB6E1A68777900F87169 /* RITask.m */,
				156EC63F1A6C28AC009BB672 /* RIHistory.h */,
				156EC6401A6C28AC009BB672 /* RIHistory.m */,
			);
			name = Model;
			sourceTree = "<group>";
		};
		1563C4BE1A7EBBF600BE65EB /* Thirdparty */ = {
			isa = PBXGroup;
			children = (
			);
			path = Thirdparty;
			sourceTree = SOURCE_ROOT;
		};
		156EC5D21A688F7B009BB672 /* Jobs */ = {
			isa = PBXGroup;
			children = (
				15BC73B91A685BFB00CD8DFA /* Icons */,
				156EC5FF1A6939E9009BB672 /* Edit job */,
				156EC5D31A688FA8009BB672 /* RIJobsViewController.h */,
				156EC5D41A688FA8009BB672 /* RIJobsViewController.m */,
			);
			name = Jobs;
			sourceTree = "<group>";
		};
		156EC5D61A691103009BB672 /* Cells */ = {
			isa = PBXGroup;
			children = (
				156EC6841A6FA8D1009BB672 /* File browser */,
				156EC6781A6E90A2009BB672 /* Icon */,
				156EC5D71A69110B009BB672 /* Basic */,
			);
			name = Cells;
			sourceTree = "<group>";
		};
		156EC5D71A69110B009BB672 /* Basic */ = {
			isa = PBXGroup;
			children = (
				156EC5D81A691121009BB672 /* RITableViewCell.h */,
				156EC5D91A691121009BB672 /* RITableViewCell.m */,
			);
			name = Basic;
			sourceTree = "<group>";
		};
		156EC5DF1A691213009BB672 /* Jobs */ = {
			isa = PBXGroup;
			children = (
				156EC5E01A691227009BB672 /* RIJobsController.h */,
				156EC5E11A691227009BB672 /* RIJobsController.m */,
			);
			name = Jobs;
			sourceTree = "<group>";
		};
		156EC5E31A69123B009BB672 /* Jobs table view */ = {
			isa = PBXGroup;
			children = (
				156EC5E41A691252009BB672 /* RIJobsTableView.h */,
				156EC5E51A691252009BB672 /* RIJobsTableView.m */,
			);
			name = "Jobs table view";
			sourceTree = "<group>";
		};
		156EC5E81A691B37009BB672 /* Config */ = {
			isa = PBXGroup;
			children = (
				156EC5E91A691B4A009BB672 /* RIConfig.h */,
				156EC5EA1A691B4A009BB672 /* RIConfig.m */,
			);
			name = Config;
			sourceTree = "<group>";
		};
		156EC5EE1A692502009BB672 /* Certificates */ = {
			isa = PBXGroup;
			children = (
				156EC61B1A696B92009BB672 /* Uploader */,
				156EC6391A6BF6D5009BB672 /* Select certificate */,
				156EC6321A6AC084009BB672 /* Edit certificate */,
				156EC5EF1A69253A009BB672 /* RICertificatesViewController.h */,
				156EC5F01A69253A009BB672 /* RICertificatesViewController.m */,
			);
			name = Certificates;
			sourceTree = "<group>";
		};
		156EC5F21A692595009BB672 /* Certificates */ = {
			isa = PBXGroup;
			children = (
				156EC63A1A6BF70E009BB672 /* Manage */,
				156EC63B1A6BF715009BB672 /* Basic */,
			);
			name = Certificates;
			sourceTree = "<group>";
		};
		156EC5F61A69285C009BB672 /* Certificates */ = {
			isa = PBXGroup;
			children = (
				156EC5F71A692875009BB672 /* RICertificatesTableView.h */,
				156EC5F81A692875009BB672 /* RICertificatesTableView.m */,
			);
			name = Certificates;
			sourceTree = "<group>";
		};
		156EC5FF1A6939E9009BB672 /* Edit job */ = {
			isa = PBXGroup;
			children = (
				156EC6001A693A2B009BB672 /* RIEditJobViewController.h */,
				156EC6011A693A2B009BB672 /* RIEditJobViewController.m */,
			);
			name = "Edit job";
			sourceTree = "<group>";
		};
		156EC6031A693FD0009BB672 /* Tasks */ = {
			isa = PBXGroup;
			children = (
				156EC6171A69613F009BB672 /* Console */,
				156EC6421A6C3178009BB672 /* History */,
				156EC60F1A694303009BB672 /* Edit task */,
				156EC6041A694002009BB672 /* RITasksViewController.h */,
				156EC6051A694002009BB672 /* RITasksViewController.m */,
			);
			name = Tasks;
			sourceTree = "<group>";
		};
		156EC6071A69404E009BB672 /* Tasks */ = {
			isa = PBXGroup;
			children = (
				156EC6081A694065009BB672 /* RITasksController.h */,
				156EC6091A694065009BB672 /* RITasksController.m */,
			);
			name = Tasks;
			sourceTree = "<group>";
		};
		156EC60B1A694166009BB672 /* Tasks */ = {
			isa = PBXGroup;
			children = (
				156EC60C1A694182009BB672 /* RITasksTableView.h */,
				156EC60D1A694182009BB672 /* RITasksTableView.m */,
			);
			name = Tasks;
			sourceTree = "<group>";
		};
		156EC60F1A694303009BB672 /* Edit task */ = {
			isa = PBXGroup;
			children = (
				156EC6101A694325009BB672 /* RIEditTaskViewController.h */,
				156EC6111A694325009BB672 /* RIEditTaskViewController.m */,
			);
			name = "Edit task";
			sourceTree = "<group>";
		};
		156EC6131A6948BB009BB672 /* Libs */ = {
			isa = PBXGroup;
			children = (
				156EC6141A6948D7009BB672 /* RIRunJob.h */,
				156EC6151A6948D7009BB672 /* RIRunJob.m */,
			);
			name = Libs;
			sourceTree = "<group>";
		};
		156EC6171A69613F009BB672 /* Console */ = {
			isa = PBXGroup;
			children = (
				156EC6181A69615E009BB672 /* RIConsoleViewController.h */,
				156EC6191A69615E009BB672 /* RIConsoleViewController.m */,
			);
			name = Console;
			sourceTree = "<group>";
		};
		156EC61B1A696B92009BB672 /* Uploader */ = {
			isa = PBXGroup;
			children = (
				156EC61C1A696BC3009BB672 /* RIUploaderViewController.h */,
				156EC61D1A696BC3009BB672 /* RIUploaderViewController.m */,
			);
			name = Uploader;
			sourceTree = "<group>";
		};
		156EC62D1A6AA774009BB672 /* HTML */ = {
			isa = PBXGroup;
			children = (
				156EC6681A6E65FB009BB672 /* uploader-error.html */,
				156EC62E1A6AA774009BB672 /* uploader-done.html */,
				156EC62F1A6AA774009BB672 /* uploader-upload.html */,
			);
			path = HTML;
			sourceTree = SOURCE_ROOT;
		};
		156EC6321A6AC084009BB672 /* Edit certificate */ = {
			isa = PBXGroup;
			children = (
				156EC6331A6AC0D8009BB672 /* RIEditCertificateViewController.h */,
				156EC6341A6AC0D8009BB672 /* RIEditCertificateViewController.m */,
			);
			name = "Edit certificate";
			sourceTree = "<group>";
		};
		156EC6391A6BF6D5009BB672 /* Select certificate */ = {
			isa = PBXGroup;
			children = (
				156EC6361A6BF6CC009BB672 /* RISelectCertificateViewController.h */,
				156EC6371A6BF6CC009BB672 /* RISelectCertificateViewController.m */,
			);
			name = "Select certificate";
			sourceTree = "<group>";
		};
		156EC63A1A6BF70E009BB672 /* Manage */ = {
			isa = PBXGroup;
			children = (
				156EC63C1A6BF767009BB672 /* RIManageCertificatesController.h */,
				156EC63D1A6BF767009BB672 /* RIManageCertificatesController.m */,
			);
			name = Manage;
			sourceTree = "<group>";
		};
		156EC63B1A6BF715009BB672 /* Basic */ = {
			isa = PBXGroup;
			children = (
				156EC5F31A6925BB009BB672 /* RICertificatesController.h */,
				156EC5F41A6925BB009BB672 /* RICertificatesController.m */,
			);
			name = Basic;
			sourceTree = "<group>";
		};
		156EC6421A6C3178009BB672 /* History */ = {
			isa = PBXGroup;
			children = (
				156EC64E1A6C5015009BB672 /* RIHistoryViewController.h */,
				156EC64F1A6C5015009BB672 /* RIHistoryViewController.m */,
			);
			name = History;
			sourceTree = "<group>";
		};
		156EC6431A6C3770009BB672 /* Commands */ = {
			isa = PBXGroup;
			children = (
				156EC6441A6C3786009BB672 /* commands.txt */,
			);
			name = Commands;
			sourceTree = "<group>";
		};
		156EC6461A6C383F009BB672 /* Commands */ = {
			isa = PBXGroup;
			children = (
				156EC6471A6C3867009BB672 /* RILinuxCommandsViewController.h */,
				156EC6481A6C3867009BB672 /* RILinuxCommandsViewController.m */,
			);
			name = Commands;
			sourceTree = "<group>";
		};
		156EC64A1A6C3892009BB672 /* Commands */ = {
			isa = PBXGroup;
			children = (
				156EC64B1A6C38C2009BB672 /* RICommandsController.h */,
				156EC64C1A6C38C2009BB672 /* RICommandsController.m */,
			);
			name = Commands;
			sourceTree = "<group>";
		};
		156EC6511A6C503F009BB672 /* History */ = {
			isa = PBXGroup;
			children = (
				156EC6521A6C5051009BB672 /* RIHistoryController.h */,
				156EC6531A6C5051009BB672 /* RIHistoryController.m */,
			);
			name = History;
			sourceTree = "<group>";
		};
		156EC6701A6E8D70009BB672 /* Icons */ = {
			isa = PBXGroup;
			children = (
				156EC6751A6E8E53009BB672 /* RIIconsController.h */,
				156EC6761A6E8E53009BB672 /* RIIconsController.m */,
			);
			name = Icons;
			sourceTree = "<group>";
		};
		156EC6711A6E8D86009BB672 /* Icons colection view */ = {
			isa = PBXGroup;
			children = (
				156EC6721A6E8DBF009BB672 /* RICollectionView.h */,
				156EC6731A6E8DBF009BB672 /* RICollectionView.m */,
			);
			name = "Icons colection view";
			sourceTree = "<group>";
		};
		156EC6781A6E90A2009BB672 /* Icon */ = {
			isa = PBXGroup;
			children = (
				156EC6791A6E90BA009BB672 /* RIIconCollectionViewCell.h */,
				156EC67A1A6E90BA009BB672 /* RIIconCollectionViewCell.m */,
			);
			name = Icon;
			sourceTree = "<group>";
		};
		156EC67C1A6EBF21009BB672 /* Browser */ = {
			isa = PBXGroup;
			children = (
				156EC67D1A6EBF50009BB672 /* RIBrowserViewController.h */,
				156EC67E1A6EBF50009BB672 /* RIBrowserViewController.m */,
			);
			name = Browser;
			sourceTree = "<group>";
		};
		156EC6801A6EBFCD009BB672 /* Browser */ = {
			isa = PBXGroup;
			children = (
				156EC6811A6EBFFE009BB672 /* RIBrowserController.h */,
				156EC6821A6EBFFE009BB672 /* RIBrowserController.m */,
			);
			name = Browser;
			sourceTree = "<group>";
		};
		156EC6841A6FA8D1009BB672 /* File browser */ = {
			isa = PBXGroup;
			children = (
				156EC6851A6FA903009BB672 /* RIBrowserTableViewCell.h */,
				156EC6861A6FA903009BB672 /* RIBrowserTableViewCell.m */,
			);
			name = "File browser";
			sourceTree = "<group>";
		};
		156EC6881A6FBD64009BB672 /* Path label */ = {
			isa = PBXGroup;
			children = (
				156EC6891A6FBD7C009BB672 /* RIPathLabel.h */,
				156EC68A1A6FBD7C009BB672 /* RIPathLabel.m */,
			);
			name = "Path label";
			sourceTree = "<group>";
		};
		15BC73651A683A9200CD8DFA = {
			isa = PBXGroup;
			children = (
				15BC73701A683A9300CD8DFA /* SSHAutomator */,
				15BC73711A683A9300CD8DFA /* Supporting Files */,
				15BC738D1A683A9300CD8DFA /* SSHAutomatorTests */,
				15BC736F1A683A9300CD8DFA /* Products */,
				49F0F817D89D3DDC47A7A258 /* Pods */,
				4050CAFEBE9B40D45762605E /* Frameworks */,
			);
			sourceTree = "<group>";
		};
		15BC736F1A683A9300CD8DFA /* Products */ = {
			isa = PBXGroup;
			children = (
				15BC736E1A683A9300CD8DFA /* SSHAutomator.app */,
			);
			name = Products;
			sourceTree = "<group>";
		};
		15BC73701A683A9300CD8DFA /* SSHAutomator */ = {
			isa = PBXGroup;
			children = (
				1563C4BE1A7EBBF600BE65EB /* Thirdparty */,
				156EC5E81A691B37009BB672 /* Config */,
				152FFB5C1A68736B00F87169 /* Categories */,
				15BC73B01A68561C00CD8DFA /* Data */,
				156EC6131A6948BB009BB672 /* Libs */,
				15BC73A61A683E3900CD8DFA /* Views */,
				15BC739A1A683ABE00CD8DFA /* View controllers */,
				15BC73751A683A9300CD8DFA /* RIAppDelegate.h */,
				15BC73761A683A9300CD8DFA /* RIAppDelegate.m */,
			);
			path = SSHAutomator;
			sourceTree = "<group>";
		};
		15BC73711A683A9300CD8DFA /* Supporting Files */ = {
			isa = PBXGroup;
			children = (
				1563C4B01A7E8C8400BE65EB /* WBA */,
				156EC6431A6C3770009BB672 /* Commands */,
				156EC62D1A6AA774009BB672 /* HTML */,
				15BC73811A683A9300CD8DFA /* Images.xcassets */,
				156EC6661A6DBD4B009BB672 /* Assets.xcassets */,
				15BC73831A683A9300CD8DFA /* LaunchScreen.xib */,
				15BC73781A683A9300CD8DFA /* SSHAutomator.xcdatamodeld */,
				15BC73721A683A9300CD8DFA /* Info.plist */,
				15BC73731A683A9300CD8DFA /* main.m */,
			);
			name = "Supporting Files";
			path = SSHAutomator;
			sourceTree = "<group>";
		};
		15BC738D1A683A9300CD8DFA /* SSHAutomatorTests */ = {
			isa = PBXGroup;
			children = (
				15BC73901A683A9300CD8DFA /* SSHAutomatorTests.m */,
				15BC738E1A683A9300CD8DFA /* Supporting Files */,
			);
			path = SSHAutomatorTests;
			sourceTree = "<group>";
		};
		15BC738E1A683A9300CD8DFA /* Supporting Files */ = {
			isa = PBXGroup;
			children = (
				15BC738F1A683A9300CD8DFA /* Info.plist */,
			);
			name = "Supporting Files";
			sourceTree = "<group>";
		};
		15BC739A1A683ABE00CD8DFA /* View controllers */ = {
			isa = PBXGroup;
			children = (
				156EC67C1A6EBF21009BB672 /* Browser */,
				156EC5EE1A692502009BB672 /* Certificates */,
				156EC6031A693FD0009BB672 /* Tasks */,
				156EC5D21A688F7B009BB672 /* Jobs */,
				15BC739C1A683B4C00CD8DFA /* Accounts */,
				156EC6461A6C383F009BB672 /* Commands */,
				15BC739B1A683B4200CD8DFA /* Basic */,
			);
			name = "View controllers";
			sourceTree = "<group>";
		};
		15BC739B1A683B4200CD8DFA /* Basic */ = {
			isa = PBXGroup;
			children = (
				15BC737B1A683A9300CD8DFA /* RIViewController.h */,
				15BC737C1A683A9300CD8DFA /* RIViewController.m */,
				156EC5DC1A6911A2009BB672 /* RITableViewController.h */,
				156EC5DD1A6911A2009BB672 /* RITableViewController.m */,
			);
			name = Basic;
			sourceTree = "<group>";
		};
		15BC739C1A683B4C00CD8DFA /* Accounts */ = {
			isa = PBXGroup;
			children = (
				15BC73B51A68588500CD8DFA /* Edit account */,
				15BC739D1A683B7D00CD8DFA /* RIAccountsViewController.h */,
				15BC739E1A683B7D00CD8DFA /* RIAccountsViewController.m */,
			);
			name = Accounts;
			sourceTree = "<group>";
		};
		15BC73A01A683BB800CD8DFA /* Data controllers */ = {
			isa = PBXGroup;
			children = (
				156EC6701A6E8D70009BB672 /* Icons */,
				156EC6801A6EBFCD009BB672 /* Browser */,
				156EC6511A6C503F009BB672 /* History */,
				156EC64A1A6C3892009BB672 /* Commands */,
				156EC5F21A692595009BB672 /* Certificates */,
				156EC6071A69404E009BB672 /* Tasks */,
				156EC5DF1A691213009BB672 /* Jobs */,
				15BC73A21A683BC500CD8DFA /* Accounts */,
			);
			name = "Data controllers";
			sourceTree = "<group>";
		};
		15BC73A21A683BC500CD8DFA /* Accounts */ = {
			isa = PBXGroup;
			children = (
				15BC73A31A683BE400CD8DFA /* RIAccountsController.h */,
				15BC73A41A683BE400CD8DFA /* RIAccountsController.m */,
			);
			name = Accounts;
			sourceTree = "<group>";
		};
		15BC73A61A683E3900CD8DFA /* Views */ = {
			isa = PBXGroup;
			children = (
				156EC6881A6FBD64009BB672 /* Path label */,
				156EC6711A6E8D86009BB672 /* Icons colection view */,
				156EC5D61A691103009BB672 /* Cells */,
				15BC73A71A683E4800CD8DFA /* Table view */,
			);
			name = Views;
			sourceTree = "<group>";
		};
		15BC73A71A683E4800CD8DFA /* Table view */ = {
			isa = PBXGroup;
			children = (
				156EC5F61A69285C009BB672 /* Certificates */,
				156EC60B1A694166009BB672 /* Tasks */,
				156EC5E31A69123B009BB672 /* Jobs table view */,
				15BC73AE1A683FC300CD8DFA /* Accounts table view */,
				15BC73AF1A683FD500CD8DFA /* Basic */,
			);
			name = "Table view";
			sourceTree = "<group>";
		};
		15BC73AE1A683FC300CD8DFA /* Accounts table view */ = {
			isa = PBXGroup;
			children = (
				15BC73AB1A683F3C00CD8DFA /* RIAccountsTableView.h */,
				15BC73AC1A683F3C00CD8DFA /* RIAccountsTableView.m */,
			);
			name = "Accounts table view";
			sourceTree = "<group>";
		};
		15BC73AF1A683FD500CD8DFA /* Basic */ = {
			isa = PBXGroup;
			children = (
				15BC73A81A683F2200CD8DFA /* RITableView.h */,
				15BC73A91A683F2200CD8DFA /* RITableView.m */,
			);
			name = Basic;
			sourceTree = "<group>";
		};
		15BC73B01A68561C00CD8DFA /* Data */ = {
			isa = PBXGroup;
			children = (
				15BC73B11A68562200CD8DFA /* Core Data */,
				15BC73A01A683BB800CD8DFA /* Data controllers */,
			);
			name = Data;
			sourceTree = "<group>";
		};
		15BC73B11A68562200CD8DFA /* Core Data */ = {
			isa = PBXGroup;
			children = (
				152FFB601A68773F00F87169 /* Model */,
				15BC73B21A68563900CD8DFA /* RICoreData.h */,
				15BC73B31A68563900CD8DFA /* RICoreData.m */,
			);
			name = "Core Data";
			sourceTree = "<group>";
		};
		15BC73B51A68588500CD8DFA /* Edit account */ = {
			isa = PBXGroup;
			children = (
				15BC73B61A6858A900CD8DFA /* RIEditAccountViewController.h */,
				15BC73B71A6858A900CD8DFA /* RIEditAccountViewController.m */,
			);
			name = "Edit account";
			sourceTree = "<group>";
		};
		15BC73B91A685BFB00CD8DFA /* Icons */ = {
			isa = PBXGroup;
			children = (
				15BC73BA1A685C1300CD8DFA /* RIIconsViewController.h */,
				15BC73BB1A685C1300CD8DFA /* RIIconsViewController.m */,
			);
			name = Icons;
			sourceTree = "<group>";
		};
		4050CAFEBE9B40D45762605E /* Frameworks */ = {
			isa = PBXGroup;
			children = (
				15C44F3F1A853C0700164368 /* WBA2.framework */,
				156EC5D01A6887EE009BB672 /* Crashlytics.framework */,
				D9FEF6B7B0105015289E10E7 /* libPods.a */,
			);
			name = Frameworks;
			sourceTree = "<group>";
		};
		49F0F817D89D3DDC47A7A258 /* Pods */ = {
			isa = PBXGroup;
			children = (
				DF2DA2B31CCC993EFA094AF9 /* Pods.debug.xcconfig */,
				62E63B1EA2623C898D3F6D7B /* Pods.release.xcconfig */,
			);
			name = Pods;
			sourceTree = "<group>";
		};
/* End PBXGroup section */

/* Begin PBXNativeTarget section */
		15BC736D1A683A9300CD8DFA /* SSHAutomator */ = {
			isa = PBXNativeTarget;
			buildConfigurationList = 15BC73941A683A9300CD8DFA /* Build configuration list for PBXNativeTarget "SSHAutomator" */;
			buildPhases = (
				1277E0D5A98A1C409135AB48 /* Check Pods Manifest.lock */,
				15BC736A1A683A9300CD8DFA /* Sources */,
				15BC736B1A683A9300CD8DFA /* Frameworks */,
				15BC736C1A683A9300CD8DFA /* Resources */,
				D9DE8AE141BD3AA264B46DD6 /* Copy Pods Resources */,
				156EC5CF1A68877B009BB672 /* ShellScript */,
				1563C4B41A7E8F3000BE65EB /* Embed Frameworks */,
			);
			buildRules = (
			);
			dependencies = (
			);
			name = SSHAutomator;
			productName = SSHAutomator;
			productReference = 15BC736E1A683A9300CD8DFA /* SSHAutomator.app */;
			productType = "com.apple.product-type.application";
		};
/* End PBXNativeTarget section */

/* Begin PBXProject section */
		15BC73661A683A9200CD8DFA /* Project object */ = {
			isa = PBXProject;
			attributes = {
				CLASSPREFIX = RI;
				LastUpgradeCheck = 0610;
				ORGANIZATIONNAME = "Ridiculous Innovations";
				TargetAttributes = {
					15BC736D1A683A9300CD8DFA = {
						CreatedOnToolsVersion = 6.1.1;
						DevelopmentTeam = BZCFE4ZBF8;
					};
				};
			};
			buildConfigurationList = 15BC73691A683A9200CD8DFA /* Build configuration list for PBXProject "SSHAutomator" */;
			compatibilityVersion = "Xcode 3.2";
			developmentRegion = English;
			hasScannedForEncodings = 0;
			knownRegions = (
				en,
				Base,
			);
			mainGroup = 15BC73651A683A9200CD8DFA;
			productRefGroup = 15BC736F1A683A9300CD8DFA /* Products */;
			projectDirPath = "";
			projectRoot = "";
			targets = (
				15BC736D1A683A9300CD8DFA /* SSHAutomator */,
			);
		};
/* End PBXProject section */

/* Begin PBXResourcesBuildPhase section */
		15BC736C1A683A9300CD8DFA /* Resources */ = {
			isa = PBXResourcesBuildPhase;
			buildActionMask = 2147483647;
			files = (
				1563C4B61A7E903D00BE65EB /* LaunchScreen.xib in Resources */,
				156EC6311A6AA774009BB672 /* uploader-upload.html in Resources */,
				156EC6301A6AA774009BB672 /* uploader-done.html in Resources */,
				15BC73821A683A9300CD8DFA /* Images.xcassets in Resources */,
				156EC6691A6E65FB009BB672 /* uploader-error.html in Resources */,
				1563C4B11A7E8C8400BE65EB /* WBA in Resources */,
				156EC6671A6DBD4B009BB672 /* Assets.xcassets in Resources */,
				156EC6451A6C3786009BB672 /* commands.txt in Resources */,
			);
			runOnlyForDeploymentPostprocessing = 0;
		};
/* End PBXResourcesBuildPhase section */

/* Begin PBXShellScriptBuildPhase section */
		1277E0D5A98A1C409135AB48 /* Check Pods Manifest.lock */ = {
			isa = PBXShellScriptBuildPhase;
			buildActionMask = 2147483647;
			files = (
			);
			inputPaths = (
			);
			name = "Check Pods Manifest.lock";
			outputPaths = (
			);
			runOnlyForDeploymentPostprocessing = 0;
			shellPath = /bin/sh;
			shellScript = "diff \"${PODS_ROOT}/../Podfile.lock\" \"${PODS_ROOT}/Manifest.lock\" > /dev/null\nif [[ $? != 0 ]] ; then\n    cat << EOM\nerror: The sandbox is not in sync with the Podfile.lock. Run 'pod install' or update your CocoaPods installation.\nEOM\n    exit 1\nfi\n";
			showEnvVarsInLog = 0;
		};
		156EC5CF1A68877B009BB672 /* ShellScript */ = {
			isa = PBXShellScriptBuildPhase;
			buildActionMask = 2147483647;
			files = (
			);
			inputPaths = (
			);
			outputPaths = (
			);
			runOnlyForDeploymentPostprocessing = 0;
			shellPath = /bin/sh;
			shellScript = "./Crashlytics.framework/run fdad57f5fd93d14410334446675bff03d3a3f996 718bb4804b7397ffca9550527a28d9dd77a37ec037e726d45a8078b310c8e7f4";
		};
		D9DE8AE141BD3AA264B46DD6 /* Copy Pods Resources */ = {
			isa = PBXShellScriptBuildPhase;
			buildActionMask = 2147483647;
			files = (
			);
			inputPaths = (
			);
			name = "Copy Pods Resources";
			outputPaths = (
			);
			runOnlyForDeploymentPostprocessing = 0;
			shellPath = /bin/sh;
			shellScript = "\"${SRCROOT}/Pods/Target Support Files/Pods/Pods-resources.sh\"\n";
			showEnvVarsInLog = 0;
		};
/* End PBXShellScriptBuildPhase section */

/* Begin PBXSourcesBuildPhase section */
		15BC736A1A683A9300CD8DFA /* Sources */ = {
			isa = PBXSourcesBuildPhase;
			buildActionMask = 2147483647;
			files = (
				15BC739F1A683B7D00CD8DFA /* RIAccountsViewController.m in Sources */,
				15BC737A1A683A9300CD8DFA /* SSHAutomator.xcdatamodeld in Sources */,
				15BC73A51A683BE400CD8DFA /* RIAccountsController.m in Sources */,
				15BC73B81A6858A900CD8DFA /* RIEditAccountViewController.m in Sources */,
				156EC6411A6C28AC009BB672 /* RIHistory.m in Sources */,
				156EC62B1A6AA71F009BB672 /* RICertificate.m in Sources */,
				156EC63E1A6BF767009BB672 /* RIManageCertificatesController.m in Sources */,
				156EC5DA1A691121009BB672 /* RITableViewCell.m in Sources */,
				156EC6501A6C5015009BB672 /* RIHistoryViewController.m in Sources */,
				156EC60E1A694182009BB672 /* RITasksTableView.m in Sources */,
				152FFB5F1A68739300F87169 /* NSObject+CoreData.m in Sources */,
				156EC5EB1A691B4A009BB672 /* RIConfig.m in Sources */,
				15BC73771A683A9300CD8DFA /* RIAppDelegate.m in Sources */,
				156EC6161A6948D7009BB672 /* RIRunJob.m in Sources */,
				152FFB6F1A68777900F87169 /* RITask.m in Sources */,
				15BC737D1A683A9300CD8DFA /* RIViewController.m in Sources */,
				156EC5F91A692875009BB672 /* RICertificatesTableView.m in Sources */,
				156EC6831A6EBFFE009BB672 /* RIBrowserController.m in Sources */,
				156EC61A1A69615E009BB672 /* RIConsoleViewController.m in Sources */,
				156EC62A1A6AA71F009BB672 /* RIAccount.m in Sources */,
				156EC62C1A6AA71F009BB672 /* RIJob.m in Sources */,
				156EC64D1A6C38C2009BB672 /* RICommandsController.m in Sources */,
				156EC6021A693A2B009BB672 /* RIEditJobViewController.m in Sources */,
				156EC5E21A691227009BB672 /* RIJobsController.m in Sources */,
				156EC67F1A6EBF50009BB672 /* RIBrowserViewController.m in Sources */,
				156EC6351A6AC0D8009BB672 /* RIEditCertificateViewController.m in Sources */,
				156EC6871A6FA903009BB672 /* RIBrowserTableViewCell.m in Sources */,
				156EC6061A694002009BB672 /* RITasksViewController.m in Sources */,
				156EC6741A6E8DBF009BB672 /* RICollectionView.m in Sources */,
				156EC6121A694325009BB672 /* RIEditTaskViewController.m in Sources */,
				15BC73741A683A9300CD8DFA /* main.m in Sources */,
				156EC6381A6BF6CC009BB672 /* RISelectCertificateViewController.m in Sources */,
				156EC68B1A6FBD7C009BB672 /* RIPathLabel.m in Sources */,
				156EC6541A6C5051009BB672 /* RIHistoryController.m in Sources */,
				156EC60A1A694065009BB672 /* RITasksController.m in Sources */,
				156EC5D51A688FA8009BB672 /* RIJobsViewController.m in Sources */,
				15BC73AD1A683F3C00CD8DFA /* RIAccountsTableView.m in Sources */,
				15BC73B41A68563900CD8DFA /* RICoreData.m in Sources */,
				156EC5F11A69253A009BB672 /* RICertificatesViewController.m in Sources */,
				156EC5DE1A6911A2009BB672 /* RITableViewController.m in Sources */,
				156EC5F51A6925BB009BB672 /* RICertificatesController.m in Sources */,
				156EC61E1A696BC3009BB672 /* RIUploaderViewController.m in Sources */,
				15BC73AA1A683F2200CD8DFA /* RITableView.m in Sources */,
				156EC5E61A691252009BB672 /* RIJobsTableView.m in Sources */,
				156EC67B1A6E90BA009BB672 /* RIIconCollectionViewCell.m in Sources */,
				15BC73BC1A685C1300CD8DFA /* RIIconsViewController.m in Sources */,
				156EC6771A6E8E53009BB672 /* RIIconsController.m in Sources */,
				156EC6491A6C3867009BB672 /* RILinuxCommandsViewController.m in Sources */,
			);
			runOnlyForDeploymentPostprocessing = 0;
		};
/* End PBXSourcesBuildPhase section */

/* Begin PBXVariantGroup section */
		15BC73831A683A9300CD8DFA /* LaunchScreen.xib */ = {
			isa = PBXVariantGroup;
			children = (
				15BC73841A683A9300CD8DFA /* Base */,
			);
			name = LaunchScreen.xib;
			sourceTree = "<group>";
		};
/* End PBXVariantGroup section */

/* Begin XCBuildConfiguration section */
		156EC6551A6C63DF009BB672 /* Enterprise */ = {
			isa = XCBuildConfiguration;
			buildSettings = {
				ALWAYS_SEARCH_USER_PATHS = NO;
				CLANG_CXX_LANGUAGE_STANDARD = "gnu++0x";
				CLANG_CXX_LIBRARY = "libc++";
				CLANG_ENABLE_MODULES = YES;
				CLANG_ENABLE_OBJC_ARC = YES;
				CLANG_WARN_BOOL_CONVERSION = YES;
				CLANG_WARN_CONSTANT_CONVERSION = YES;
				CLANG_WARN_DIRECT_OBJC_ISA_USAGE = YES_ERROR;
				CLANG_WARN_EMPTY_BODY = YES;
				CLANG_WARN_ENUM_CONVERSION = YES;
				CLANG_WARN_INT_CONVERSION = YES;
				CLANG_WARN_OBJC_ROOT_CLASS = YES_ERROR;
				CLANG_WARN_UNREACHABLE_CODE = YES;
				CLANG_WARN__DUPLICATE_METHOD_MATCH = YES;
				"CODE_SIGN_IDENTITY[sdk=iphoneos*]" = "";
				COPY_PHASE_STRIP = YES;
				ENABLE_NS_ASSERTIONS = NO;
				ENABLE_STRICT_OBJC_MSGSEND = YES;
				GCC_C_LANGUAGE_STANDARD = gnu99;
				GCC_WARN_64_TO_32_BIT_CONVERSION = YES;
				GCC_WARN_ABOUT_RETURN_TYPE = YES_ERROR;
				GCC_WARN_UNDECLARED_SELECTOR = YES;
				GCC_WARN_UNINITIALIZED_AUTOS = YES_AGGRESSIVE;
				GCC_WARN_UNUSED_FUNCTION = YES;
				GCC_WARN_UNUSED_VARIABLE = YES;
				IPHONEOS_DEPLOYMENT_TARGET = 8.1;
				MTL_ENABLE_DEBUG_INFO = NO;
				SDKROOT = iphoneos;
				TARGETED_DEVICE_FAMILY = "1,2";
				VALIDATE_PRODUCT = YES;
			};
			name = Enterprise;
		};
		156EC6561A6C63DF009BB672 /* Enterprise */ = {
			isa = XCBuildConfiguration;
			baseConfigurationReference = 62E63B1EA2623C898D3F6D7B /* Pods.release.xcconfig */;
			buildSettings = {
				ASSETCATALOG_COMPILER_APPICON_NAME = AppIcon;
				CODE_SIGN_IDENTITY = "iPhone Developer";
				"CODE_SIGN_IDENTITY[sdk=iphoneos*]" = "iPhone Developer";
				FRAMEWORK_SEARCH_PATHS = (
					"$(inherited)",
					"$(PROJECT_DIR)/Thirdparty/NMSSH/NMSSHTests/Settings/lib",
					"$(PROJECT_DIR)",
					/Projects/iOS/WBAFramework/Product,
					"$(PROJECT_DIR)/Thirdparty/WBAFramework/Product",
				);
				INFOPLIST_FILE = SSHAutomator/Info.plist;
				IPHONEOS_DEPLOYMENT_TARGET = 8.1;
				LD_RUNPATH_SEARCH_PATHS = "$(inherited) @executable_path/Frameworks";
				LIBRARY_SEARCH_PATHS = (
					"$(inherited)",
					"$(PROJECT_DIR)/Thirdparty/NMSSH/NMSSH-iOS/Libraries/lib",
					"$(PROJECT_DIR)/Thirdparty/NMSSH/NMSSH-OSX/Libraries/lib",
				);
				PRODUCT_NAME = "$(TARGET_NAME)";
				PROVISIONING_PROFILE = "8DE82982-C128-4E90-A941-5001D32DFC4C";
			};
			name = Enterprise;
		};
		15BC73921A683A9300CD8DFA /* Debug */ = {
			isa = XCBuildConfiguration;
			buildSettings = {
				ALWAYS_SEARCH_USER_PATHS = NO;
				CLANG_CXX_LANGUAGE_STANDARD = "gnu++0x";
				CLANG_CXX_LIBRARY = "libc++";
				CLANG_ENABLE_MODULES = YES;
				CLANG_ENABLE_OBJC_ARC = YES;
				CLANG_WARN_BOOL_CONVERSION = YES;
				CLANG_WARN_CONSTANT_CONVERSION = YES;
				CLANG_WARN_DIRECT_OBJC_ISA_USAGE = YES_ERROR;
				CLANG_WARN_EMPTY_BODY = YES;
				CLANG_WARN_ENUM_CONVERSION = YES;
				CLANG_WARN_INT_CONVERSION = YES;
				CLANG_WARN_OBJC_ROOT_CLASS = YES_ERROR;
				CLANG_WARN_UNREACHABLE_CODE = YES;
				CLANG_WARN__DUPLICATE_METHOD_MATCH = YES;
				"CODE_SIGN_IDENTITY[sdk=iphoneos*]" = "";
				COPY_PHASE_STRIP = NO;
				ENABLE_STRICT_OBJC_MSGSEND = YES;
				GCC_C_LANGUAGE_STANDARD = gnu99;
				GCC_DYNAMIC_NO_PIC = NO;
				GCC_OPTIMIZATION_LEVEL = 0;
				GCC_PREPROCESSOR_DEFINITIONS = (
					"DEBUG=1",
					"$(inherited)",
				);
				GCC_SYMBOLS_PRIVATE_EXTERN = NO;
				GCC_WARN_64_TO_32_BIT_CONVERSION = YES;
				GCC_WARN_ABOUT_RETURN_TYPE = YES_ERROR;
				GCC_WARN_UNDECLARED_SELECTOR = YES;
				GCC_WARN_UNINITIALIZED_AUTOS = YES_AGGRESSIVE;
				GCC_WARN_UNUSED_FUNCTION = YES;
				GCC_WARN_UNUSED_VARIABLE = YES;
				IPHONEOS_DEPLOYMENT_TARGET = 8.1;
				MTL_ENABLE_DEBUG_INFO = YES;
				ONLY_ACTIVE_ARCH = YES;
				SDKROOT = iphoneos;
				TARGETED_DEVICE_FAMILY = "1,2";
			};
			name = Debug;
		};
		15BC73931A683A9300CD8DFA /* Release */ = {
			isa = XCBuildConfiguration;
			buildSettings = {
				ALWAYS_SEARCH_USER_PATHS = NO;
				CLANG_CXX_LANGUAGE_STANDARD = "gnu++0x";
				CLANG_CXX_LIBRARY = "libc++";
				CLANG_ENABLE_MODULES = YES;
				CLANG_ENABLE_OBJC_ARC = YES;
				CLANG_WARN_BOOL_CONVERSION = YES;
				CLANG_WARN_CONSTANT_CONVERSION = YES;
				CLANG_WARN_DIRECT_OBJC_ISA_USAGE = YES_ERROR;
				CLANG_WARN_EMPTY_BODY = YES;
				CLANG_WARN_ENUM_CONVERSION = YES;
				CLANG_WARN_INT_CONVERSION = YES;
				CLANG_WARN_OBJC_ROOT_CLASS = YES_ERROR;
				CLANG_WARN_UNREACHABLE_CODE = YES;
				CLANG_WARN__DUPLICATE_METHOD_MATCH = YES;
				"CODE_SIGN_IDENTITY[sdk=iphoneos*]" = "";
				COPY_PHASE_STRIP = YES;
				ENABLE_NS_ASSERTIONS = NO;
				ENABLE_STRICT_OBJC_MSGSEND = YES;
				GCC_C_LANGUAGE_STANDARD = gnu99;
				GCC_WARN_64_TO_32_BIT_CONVERSION = YES;
				GCC_WARN_ABOUT_RETURN_TYPE = YES_ERROR;
				GCC_WARN_UNDECLARED_SELECTOR = YES;
				GCC_WARN_UNINITIALIZED_AUTOS = YES_AGGRESSIVE;
				GCC_WARN_UNUSED_FUNCTION = YES;
				GCC_WARN_UNUSED_VARIABLE = YES;
				IPHONEOS_DEPLOYMENT_TARGET = 8.1;
				MTL_ENABLE_DEBUG_INFO = NO;
				SDKROOT = iphoneos;
				TARGETED_DEVICE_FAMILY = "1,2";
				VALIDATE_PRODUCT = YES;
			};
			name = Release;
		};
		15BC73951A683A9300CD8DFA /* Debug */ = {
			isa = XCBuildConfiguration;
			baseConfigurationReference = DF2DA2B31CCC993EFA094AF9 /* Pods.debug.xcconfig */;
			buildSettings = {
				ASSETCATALOG_COMPILER_APPICON_NAME = AppIcon;
				CODE_SIGN_IDENTITY = "iPhone Developer";
				"CODE_SIGN_IDENTITY[sdk=iphoneos*]" = "iPhone Developer";
				FRAMEWORK_SEARCH_PATHS = (
					"$(inherited)",
					"$(PROJECT_DIR)/Thirdparty/NMSSH/NMSSHTests/Settings/lib",
					"$(PROJECT_DIR)",
					/Projects/iOS/WBAFramework/Product,
					"$(PROJECT_DIR)/Thirdparty/WBAFramework/Product",
				);
				INFOPLIST_FILE = SSHAutomator/Info.plist;
				IPHONEOS_DEPLOYMENT_TARGET = 8.1;
				LD_RUNPATH_SEARCH_PATHS = "$(inherited) @executable_path/Frameworks";
				LIBRARY_SEARCH_PATHS = (
					"$(inherited)",
					"$(PROJECT_DIR)/Thirdparty/NMSSH/NMSSH-iOS/Libraries/lib",
					"$(PROJECT_DIR)/Thirdparty/NMSSH/NMSSH-OSX/Libraries/lib",
				);
				PRODUCT_NAME = "$(TARGET_NAME)";
				PROVISIONING_PROFILE = "";
			};
			name = Debug;
		};
		15BC73961A683A9300CD8DFA /* Release */ = {
			isa = XCBuildConfiguration;
			baseConfigurationReference = 62E63B1EA2623C898D3F6D7B /* Pods.release.xcconfig */;
			buildSettings = {
				ASSETCATALOG_COMPILER_APPICON_NAME = AppIcon;
				CODE_SIGN_IDENTITY = "iPhone Developer";
				"CODE_SIGN_IDENTITY[sdk=iphoneos*]" = "iPhone Developer";
				FRAMEWORK_SEARCH_PATHS = (
					"$(inherited)",
					"$(PROJECT_DIR)/Thirdparty/NMSSH/NMSSHTests/Settings/lib",
					"$(PROJECT_DIR)",
					/Projects/iOS/WBAFramework/Product,
					"$(PROJECT_DIR)/Thirdparty/WBAFramework/Product",
				);
				INFOPLIST_FILE = SSHAutomator/Info.plist;
				IPHONEOS_DEPLOYMENT_TARGET = 8.1;
				LD_RUNPATH_SEARCH_PATHS = "$(inherited) @executable_path/Frameworks";
				LIBRARY_SEARCH_PATHS = (
					"$(inherited)",
					"$(PROJECT_DIR)/Thirdparty/NMSSH/NMSSH-iOS/Libraries/lib",
					"$(PROJECT_DIR)/Thirdparty/NMSSH/NMSSH-OSX/Libraries/lib",
				);
				PRODUCT_NAME = "$(TARGET_NAME)";
				PROVISIONING_PROFILE = "";
			};
			name = Release;
		};
/* End XCBuildConfiguration section */

/* Begin XCConfigurationList section */
		15BC73691A683A9200CD8DFA /* Build configuration list for PBXProject "SSHAutomator" */ = {
			isa = XCConfigurationList;
			buildConfigurations = (
				15BC73921A683A9300CD8DFA /* Debug */,
				15BC73931A683A9300CD8DFA /* Release */,
				156EC6551A6C63DF009BB672 /* Enterprise */,
			);
			defaultConfigurationIsVisible = 0;
			defaultConfigurationName = Release;
		};
		15BC73941A683A9300CD8DFA /* Build configuration list for PBXNativeTarget "SSHAutomator" */ = {
			isa = XCConfigurationList;
			buildConfigurations = (
				15BC73951A683A9300CD8DFA /* Debug */,
				15BC73961A683A9300CD8DFA /* Release */,
				156EC6561A6C63DF009BB672 /* Enterprise */,
			);
			defaultConfigurationIsVisible = 0;
			defaultConfigurationName = Release;
		};
/* End XCConfigurationList section */

/* Begin XCVersionGroup section */
		15BC73781A683A9300CD8DFA /* SSHAutomator.xcdatamodeld */ = {
			isa = XCVersionGroup;
			children = (
				15BC73791A683A9300CD8DFA /* SSHAutomator.xcdatamodel */,
			);
			currentVersion = 15BC73791A683A9300CD8DFA /* SSHAutomator.xcdatamodel */;
			path = SSHAutomator.xcdatamodeld;
			sourceTree = "<group>";
			versionGroupType = wrapper.xcdatamodel;
		};
/* End XCVersionGroup section */
	};
	rootObject = 15BC73661A683A9200CD8DFA /* Project object */;
}
